
Microsoft Visual Studio Solution File, Format Version 12.00
# Visual Studio 15
VisualStudioVersion = 15.0.28307.572
MinimumVisualStudioVersion = 10.0.40219.1
Project("{8BC9CEB8-8B4A-11D0-8D11-00A0C91BC942}") = "brian_storage", "brian_storage.vcxproj", "{52027D24-DF24-4724-B546-719BABD71AB2}"
EndProject
Global
	GlobalSection(SolutionConfigurationPlatforms) = preSolution
		Debug|x64 = Debug|x64
		Debug|x86 = Debug|x86
		Release|x64 = Release|x64
		Release|x86 = Release|x86
	EndGlobalSection
	GlobalSection(ProjectConfigurationPlatforms) = postSolution
		{52027D24-DF24-4724-B546-719BABD71AB2}.Debug|x64.ActiveCfg = Debug|x64
		{52027D24-DF24-4724-B546-719BABD71AB2}.Debug|x64.Build.0 = Debug|x64
		{52027D24-DF24-4724-B546-719BABD71AB2}.Debug|x86.ActiveCfg = Debug|Win32
		{52027D24-DF24-4724-B546-719BABD71AB2}.Debug|x86.Build.0 = Debug|Win32
		{52027D24-DF24-4724-B546-719BABD71AB2}.Release|x64.ActiveCfg = Release|x64
		{52027D24-DF24-4724-B546-719BABD71AB2}.Release|x64.Build.0 = Release|x64
		{52027D24-DF24-4724-B546-719BABD71AB2}.Release|x86.ActiveCfg = Release|Win32
		{52027D24-DF24-4724-B546-719BABD71AB2}.Release|x86.Build.0 = Release|Win32
	EndGlobalSection
	GlobalSection(SolutionProperties) = preSolution
		HideSolutionNode = FALSE
	EndGlobalSection
	GlobalSection(ExtensibilityGlobals) = postSolution
		SolutionGuid = {98C1C7B6-FF57-4276-B608-FB1241465519}
	EndGlobalSection
EndGlobal
